{
  "name": "react-space",
  "version": "0.1.0",
  "lockfileVersion": 1,
  "requires": true,
  "dependencies": {
    "@material/animation": {
      "version": "8.0.0",
      "resolved": "https://registry.npm.taobao.org/@material/animation/download/@material/animation-8.0.0.tgz",
      "integrity": "sha1-N4Y0zYyeopXJ935JzaNMeuSG9X4=",
      "requires": {
        "tslib": "^1.9.3"
      }
    },
    "@material/base": {
      "version": "8.0.0",
      "resolved": "https://registry.npm.taobao.org/@material/base/download/@material/base-8.0.0.tgz",
      "integrity": "sha1-1iI9lVuKFYdpi6gg+rPd9hSKsvk=",
      "requires": {
        "tslib": "^1.9.3"
      }
    },
    "@material/dom": {
      "version": "8.0.0",
      "resolved": "https://registry.npm.taobao.org/@material/dom/download/@material/dom-8.0.0.tgz",
      "integrity": "sha1-K8cAF9FgjDEHoaJVBm0rcnt+YF0=",
      "requires": {
        "@material/feature-targeting": "^8.0.0",
        "tslib": "^1.9.3"
      }
    },
    "@material/feature-targeting": {
      "version": "8.0.0",
      "resolved": "https://registry.npm.taobao.org/@material/feature-targeting/download/@material/feature-targeting-8.0.0.tgz",
      "integrity": "sha1-vwHQgVeofDkA9mxJP2FugekBfr0="
    },
    "@material/ripple": {
      "version": "8.0.0",
      "resolved": "https://registry.npm.taobao.org/@material/ripple/download/@material/ripple-8.0.0.tgz",
      "integrity": "sha1-R42ZzwEmkChCouCyke+6XKeF1gE=",
      "requires": {
        "@material/animation": "^8.0.0",
        "@material/base": "^8.0.0",
        "@material/dom": "^8.0.0",
        "@material/feature-targeting": "^8.0.0",
        "@material/theme": "^8.0.0",
        "tslib": "^1.9.3"
      }
    },
    "@material/theme": {
      "version": "8.0.0",
      "resolved": "https://registry.npm.taobao.org/@material/theme/download/@material/theme-8.0.0.tgz",
      "integrity": "sha1-tR70vQ7eXzsKr04cLJwFHAimlBg=",
      "requires": {
        "@material/feature-targeting": "^8.0.0"
      }
    },
    "@types/anymatch": {
      "version": "1.3.1",
      "resolved": "https://registry.npmjs.org/@types/anymatch/-/anymatch-1.3.1.tgz",
      "integrity": "sha512-/+CRPXpBDpo2RK9C68N3b2cOvO0Cf5B9aPijHsoDQTHivnGSObdOF2BRQOYjojWTDy6nQvMjmqRXIxH55VjxxA==",
      "dev": true
    },
    "@types/body-parser": {
      "version": "1.19.0",
      "resolved": "https://registry.npmjs.org/@types/body-parser/-/body-parser-1.19.0.tgz",
      "integrity": "sha512-W98JrE0j2K78swW4ukqMleo8R7h/pFETjM2DQ90MF6XK2i4LO4W3gQ71Lt4w3bfm2EvVSyWHplECvB5sK22yFQ==",
      "dev": true,
      "requires": {
        "@types/connect": "*",
        "@types/node": "*"
      }
    },
    "@types/classnames": {
      "version": "2.2.11",
      "resolved": "https://registry.npm.taobao.org/@types/classnames/download/@types/classnames-2.2.11.tgz",
      "integrity": "sha1-JSHMhvadFcW5BmTkgp2EVmBSwc8=",
      "dev": true
    },
    "@types/clean-css": {
      "version": "4.2.2",
      "resolved": "https://registry.npmjs.org/@types/clean-css/-/clean-css-4.2.2.tgz",
      "integrity": "sha512-xiTJn3bmDh1lA8c6iVJs4ZhHw+pcmxXlJQXOB6G1oULaak8rmarIeFKI4aTJ7849dEhaO612wgIualZfbxTJwA==",
      "dev": true,
      "requires": {
        "@types/node": "*"
      }
    },
    "@types/connect": {
      "version": "3.4.33",
      "resolved": "https://registry.npmjs.org/@types/connect/-/connect-3.4.33.tgz",
      "integrity": "sha512-2+FrkXY4zllzTNfJth7jOqEHC+enpLeGslEhpnTAkg21GkRrWV4SsAtqchtT4YS9/nODBU2/ZfsBY2X4J/dX7A==",
      "dev": true,
      "requires": {
        "@types/node": "*"
      }
    },
    "@types/connect-history-api-fallback": {
      "version": "1.3.3",
      "resolved": "https://registry.npmjs.org/@types/connect-history-api-fallback/-/connect-history-api-fallback-1.3.3.tgz",
      "integrity": "sha512-7SxFCd+FLlxCfwVwbyPxbR4khL9aNikJhrorw8nUIOqeuooc9gifBuDQOJw5kzN7i6i3vLn9G8Wde/4QDihpYw==",
      "dev": true,
      "requires": {
        "@types/express-serve-static-core": "*",
        "@types/node": "*"
      }
    },
    "@types/eslint": {
      "version": "7.2.5",
      "resolved": "https://registry.npmjs.org/@types/eslint/-/eslint-7.2.5.tgz",
      "integrity": "sha512-Dc6ar9x16BdaR3NSxSF7T4IjL9gxxViJq8RmFd+2UAyA+K6ck2W+gUwfgpG/y9TPyUuBL35109bbULpEynvltA==",
      "dev": true,
      "requires": {
        "@types/estree": "*",
        "@types/json-schema": "*"
      }
    },
    "@types/estree": {
      "version": "0.0.45",
      "resolved": "https://registry.npmjs.org/@types/estree/-/estree-0.0.45.tgz",
      "integrity": "sha512-jnqIUKDUqJbDIUxm0Uj7bnlMnRm1T/eZ9N+AVMqhPgzrba2GhGG5o/jCTwmdPK709nEZsGoMzXEDUjcXHa3W0g==",
      "dev": true
    },
    "@types/express": {
      "version": "4.17.9",
      "resolved": "https://registry.npmjs.org/@types/express/-/express-4.17.9.tgz",
      "integrity": "sha512-SDzEIZInC4sivGIFY4Sz1GG6J9UObPwCInYJjko2jzOf/Imx/dlpume6Xxwj1ORL82tBbmN4cPDIDkLbWHk9hw==",
      "dev": true,
      "requires": {
        "@types/body-parser": "*",
        "@types/express-serve-static-core": "*",
        "@types/qs": "*",
        "@types/serve-static": "*"
      }
    },
    "@types/express-serve-static-core": {
      "version": "4.17.14",
      "resolved": "https://registry.npmjs.org/@types/express-serve-static-core/-/express-serve-static-core-4.17.14.tgz",
      "integrity": "sha512-uFTLwu94TfUFMToXNgRZikwPuZdOtDgs3syBtAIr/OXorL1kJqUJT9qCLnRZ5KBOWfZQikQ2xKgR2tnDj1OgDA==",
      "dev": true,
      "requires": {
        "@types/node": "*",
        "@types/qs": "*",
        "@types/range-parser": "*"
      }
    },
    "@types/html-minifier": {
      "version": "4.0.0",
      "resolved": "https://registry.npmjs.org/@types/html-minifier/-/html-minifier-4.0.0.tgz",
      "integrity": "sha512-eFnGhrKmjWBlnSGNtunetE3UU2Tc/LUl92htFslSSTmpp9EKHQVcYQadCyYfnzUEFB5G/3wLWo/USQS/mEPKrA==",
      "dev": true,
      "requires": {
        "@types/clean-css": "*",
        "@types/relateurl": "*",
        "@types/uglify-js": "*"
      }
    },
    "@types/html-webpack-plugin": {
      "version": "3.2.4",
      "resolved": "https://registry.npmjs.org/@types/html-webpack-plugin/-/html-webpack-plugin-3.2.4.tgz",
      "integrity": "sha512-WM0s78bfCIXnTlICf+8nWP0IvP+fn4YfiI3uxAX1K1PSRpzs0iysp03j4zR0xTgxSqF67TbOsHs49YXonRAkeQ==",
      "dev": true,
      "requires": {
        "@types/html-minifier": "*",
        "@types/tapable": "*",
        "@types/webpack": "*"
      }
    },
    "@types/http-proxy": {
      "version": "1.17.4",
      "resolved": "https://registry.npmjs.org/@types/http-proxy/-/http-proxy-1.17.4.tgz",
      "integrity": "sha512-IrSHl2u6AWXduUaDLqYpt45tLVCtYv7o4Z0s1KghBCDgIIS9oW5K1H8mZG/A2CfeLdEa7rTd1ACOiHBc1EMT2Q==",
      "dev": true,
      "requires": {
        "@types/node": "*"
      }
    },
    "@types/http-proxy-middleware": {
      "version": "0.19.3",
      "resolved": "https://registry.npmjs.org/@types/http-proxy-middleware/-/http-proxy-middleware-0.19.3.tgz",
      "integrity": "sha512-lnBTx6HCOUeIJMLbI/LaL5EmdKLhczJY5oeXZpX/cXE4rRqb3RmV7VcMpiEfYkmTjipv3h7IAyIINe4plEv7cA==",
      "dev": true,
      "requires": {
        "@types/connect": "*",
        "@types/http-proxy": "*",
        "@types/node": "*"
      }
    },
    "@types/json-schema": {
      "version": "7.0.6",
      "resolved": "https://registry.npmjs.org/@types/json-schema/-/json-schema-7.0.6.tgz",
      "integrity": "sha512-3c+yGKvVP5Y9TYBEibGNR+kLtijnj7mYrXRg+WpFb2X9xm04g/DXYkfg4hmzJQosc9snFNUPkbYIhu+KAm6jJw==",
      "dev": true
    },
    "@types/mime": {
      "version": "2.0.3",
      "resolved": "https://registry.npmjs.org/@types/mime/-/mime-2.0.3.tgz",
      "integrity": "sha512-Jus9s4CDbqwocc5pOAnh8ShfrnMcPHuJYzVcSUU7lrh8Ni5HuIqX3oilL86p3dlTrk0LzHRCgA/GQ7uNCw6l2Q==",
      "dev": true
    },
    "@types/node": {
      "version": "12.19.6",
      "resolved": "https://registry.npmjs.org/@types/node/-/node-12.19.6.tgz",
      "integrity": "sha512-U2VopDdmBoYBmtm8Rz340mvvSz34VgX/K9+XCuckvcLGMkt3rbMX8soqFOikIPlPBc5lmw8By9NUK7bEFSBFlQ==",
      "dev": true
    },
    "@types/qs": {
      "version": "6.9.5",
      "resolved": "https://registry.npmjs.org/@types/qs/-/qs-6.9.5.tgz",
      "integrity": "sha512-/JHkVHtx/REVG0VVToGRGH2+23hsYLHdyG+GrvoUGlGAd0ErauXDyvHtRI/7H7mzLm+tBCKA7pfcpkQ1lf58iQ==",
      "dev": true
    },
    "@types/range-parser": {
      "version": "1.2.3",
      "resolved": "https://registry.npmjs.org/@types/range-parser/-/range-parser-1.2.3.tgz",
      "integrity": "sha512-ewFXqrQHlFsgc09MK5jP5iR7vumV/BYayNC6PgJO2LPe8vrnNFyjQjSppfEngITi0qvfKtzFvgKymGheFM9UOA==",
      "dev": true
    },
    "@types/react-dev-utils": {
      "version": "9.0.4",
      "resolved": "https://registry.npmjs.org/@types/react-dev-utils/-/react-dev-utils-9.0.4.tgz",
      "integrity": "sha512-8cv9rAeSP1EmyRQAbZ/i6uYtai1VoKHGSBwDyCLM82wCkqoh3WPjJgI1pfi2kiLc0C5hNU7DLo7/c4hylfHLWg==",
      "dev": true,
      "requires": {
        "@types/eslint": "*",
        "@types/express": "*",
        "@types/html-webpack-plugin": "*",
        "@types/webpack": "*",
        "@types/webpack-dev-server": "*"
      }
    },
    "@types/relateurl": {
      "version": "0.2.28",
      "resolved": "https://registry.npmjs.org/@types/relateurl/-/relateurl-0.2.28.tgz",
      "integrity": "sha1-a9p9uGU/piZD9e5p6facEaOS46Y=",
      "dev": true
    },
    "@types/serve-static": {
      "version": "1.13.8",
      "resolved": "https://registry.npmjs.org/@types/serve-static/-/serve-static-1.13.8.tgz",
      "integrity": "sha512-MoJhSQreaVoL+/hurAZzIm8wafFR6ajiTM1m4A0kv6AGeVBl4r4pOV8bGFrjjq1sGxDTnCoF8i22o0/aE5XCyA==",
      "dev": true,
      "requires": {
        "@types/mime": "*",
        "@types/node": "*"
      }
    },
    "@types/source-list-map": {
      "version": "0.1.2",
      "resolved": "https://registry.npmjs.org/@types/source-list-map/-/source-list-map-0.1.2.tgz",
      "integrity": "sha512-K5K+yml8LTo9bWJI/rECfIPrGgxdpeNbj+d53lwN4QjW1MCwlkhUms+gtdzigTeUyBr09+u8BwOIY3MXvHdcsA==",
      "dev": true
    },
    "@types/tapable": {
      "version": "1.0.6",
      "resolved": "https://registry.npmjs.org/@types/tapable/-/tapable-1.0.6.tgz",
      "integrity": "sha512-W+bw9ds02rAQaMvaLYxAbJ6cvguW/iJXNT6lTssS1ps6QdrMKttqEAMEG/b5CR8TZl3/L7/lH0ZV5nNR1LXikA==",
      "dev": true
    },
    "@types/uglify-js": {
      "version": "3.11.1",
      "resolved": "https://registry.npmjs.org/@types/uglify-js/-/uglify-js-3.11.1.tgz",
      "integrity": "sha512-7npvPKV+jINLu1SpSYVWG8KvyJBhBa8tmzMMdDoVc2pWUYHN8KIXlPJhjJ4LT97c4dXJA2SHL/q6ADbDriZN+Q==",
      "dev": true,
      "requires": {
        "source-map": "^0.6.1"
      }
    },
    "@types/webpack": {
      "version": "4.41.25",
      "resolved": "https://registry.npmjs.org/@types/webpack/-/webpack-4.41.25.tgz",
      "integrity": "sha512-cr6kZ+4m9lp86ytQc1jPOJXgINQyz3kLLunZ57jznW+WIAL0JqZbGubQk4GlD42MuQL5JGOABrxdpqqWeovlVQ==",
      "dev": true,
      "requires": {
        "@types/anymatch": "*",
        "@types/node": "*",
        "@types/tapable": "*",
        "@types/uglify-js": "*",
        "@types/webpack-sources": "*",
        "source-map": "^0.6.0"
      }
    },
    "@types/webpack-dev-server": {
      "version": "3.11.1",
      "resolved": "https://registry.npmjs.org/@types/webpack-dev-server/-/webpack-dev-server-3.11.1.tgz",
      "integrity": "sha512-rIb+LtUkKnh7+oIJm3WiMJONd71Q0lZuqGLcSqhZ5qjN9gV/CNmZe7Bai+brnBPZ/KVYOsr+4bFLiNZwjBicLw==",
      "dev": true,
      "requires": {
        "@types/connect-history-api-fallback": "*",
        "@types/express": "*",
        "@types/http-proxy-middleware": "*",
        "@types/serve-static": "*",
        "@types/webpack": "*"
      }
    },
    "@types/webpack-sources": {
      "version": "2.0.0",
      "resolved": "https://registry.npmjs.org/@types/webpack-sources/-/webpack-sources-2.0.0.tgz",
      "integrity": "sha512-a5kPx98CNFRKQ+wqawroFunvFqv7GHm/3KOI52NY9xWADgc8smu4R6prt4EU/M4QfVjvgBkMqU4fBhw3QfMVkg==",
      "dev": true,
      "requires": {
        "@types/node": "*",
        "@types/source-list-map": "*",
        "source-map": "^0.7.3"
      },
      "dependencies": {
        "source-map": {
          "version": "0.7.3",
          "resolved": "https://registry.npmjs.org/source-map/-/source-map-0.7.3.tgz",
          "integrity": "sha512-CkCj6giN3S+n9qrYiBTX5gystlENnRW5jZeNLHpe6aue+SrHcG5VYwujhW9s4dY31mEGsxBDrHR6oI69fTXsaQ==",
          "dev": true
        }
      }
    },
    "ajv": {
      "version": "6.12.6",
      "resolved": "https://registry.npmjs.org/ajv/-/ajv-6.12.6.tgz",
      "integrity": "sha512-j3fVLgvTo527anyYyJOGTYJbG+vnnQYvE0m5mmkc1TK+nxAppkCLMIL0aZ4dblVCNoGShhm+kzE4ZUykBoMg4g==",
      "dev": true,
      "requires": {
        "fast-deep-equal": "^3.1.1",
        "fast-json-stable-stringify": "^2.0.0",
        "json-schema-traverse": "^0.4.1",
        "uri-js": "^4.2.2"
      }
    },
    "ajv-keywords": {
      "version": "3.5.2",
      "resolved": "https://registry.npmjs.org/ajv-keywords/-/ajv-keywords-3.5.2.tgz",
      "integrity": "sha512-5p6WTN0DdTGVQk6VjcEju19IgaHudalcfabD7yhDGeA6bcQnmL+CpveLJq/3hvfwd1aof6L386Ougkx6RfyMIQ==",
      "dev": true
    },
    "ansi-regex": {
      "version": "5.0.0",
      "resolved": "https://registry.npmjs.org/ansi-regex/-/ansi-regex-5.0.0.tgz",
      "integrity": "sha512-bY6fj56OUQ0hU1KjFNDQuJFezqKdrAyFdIevADiqrWHwSlbmBNMHp5ak2f40Pm8JTFyM2mqxkG6ngkHO11f/lg==",
      "dev": true
    },
    "ansi-styles": {
      "version": "3.2.1",
      "resolved": "https://registry.npmjs.org/ansi-styles/-/ansi-styles-3.2.1.tgz",
      "integrity": "sha512-VT0ZI6kZRdTh8YyJw3SMbYm/u+NqfsAxEpWO0Pf9sq8/e94WxxOpPKx9FR1FlyCtOVDNOQ+8ntlqFxiRc+r5qA==",
      "dev": true,
      "requires": {
        "color-convert": "^1.9.0"
      }
    },
    "asap": {
      "version": "2.0.6",
      "resolved": "https://registry.npmjs.org/asap/-/asap-2.0.6.tgz",
      "integrity": "sha1-5QNHYR1+aQlDIIu9r+vLwvuGbUY=",
      "dev": true
    },
    "async": {
      "version": "0.9.2",
      "resolved": "https://registry.npm.taobao.org/async/download/async-0.9.2.tgz",
      "integrity": "sha1-rqdNXmHB+JlhO/ZL2mbUx48v0X0=",
      "dev": true
    },
    "balanced-match": {
      "version": "1.0.0",
      "resolved": "https://registry.npmjs.org/balanced-match/-/balanced-match-1.0.0.tgz",
      "integrity": "sha1-ibTRmasr7kneFk6gK4nORi1xt2c=",
      "dev": true
    },
    "big.js": {
      "version": "5.2.2",
      "resolved": "https://registry.npmjs.org/big.js/-/big.js-5.2.2.tgz",
      "integrity": "sha512-vyL2OymJxmarO8gxMr0mhChsO9QGwhynfuu4+MHTAW6czfq9humCB7rKpUjDd9YUiDPU4mzpyupFSvOClAwbmQ==",
      "dev": true
    },
    "brace-expansion": {
      "version": "1.1.11",
      "resolved": "https://registry.npmjs.org/brace-expansion/-/brace-expansion-1.1.11.tgz",
      "integrity": "sha512-iCuPHDFgrHX7H2vEI/5xpz07zSHB00TpugqhmYtVmMO6518mCuRMoOYFldEBl0g187ufozdaHgWKcYFb61qGiA==",
      "dev": true,
      "requires": {
        "balanced-match": "^1.0.0",
        "concat-map": "0.0.1"
      }
    },
    "btoa": {
      "version": "1.2.1",
      "resolved": "https://registry.npm.taobao.org/btoa/download/btoa-1.2.1.tgz",
      "integrity": "sha1-AamQn4ssk/a/aAuiYTHrMPf6PXM=",
      "dev": true
    },
    "chalk": {
      "version": "4.1.0",
      "resolved": "https://registry.npmjs.org/chalk/-/chalk-4.1.0.tgz",
      "integrity": "sha512-qwx12AxXe2Q5xQ43Ac//I6v5aXTipYrSESdOgzrN+9XjgEpyjpKuvSGaN4qE93f7TQTlerQQ8S+EQ0EyDoVL1A==",
      "dev": true,
      "requires": {
        "ansi-styles": "^4.1.0",
        "supports-color": "^7.1.0"
      },
      "dependencies": {
        "ansi-styles": {
          "version": "4.3.0",
          "resolved": "https://registry.npmjs.org/ansi-styles/-/ansi-styles-4.3.0.tgz",
          "integrity": "sha512-zbB9rCJAT1rbjiVDb2hqKFHNYLxgtk8NURxZ3IZwD3F6NtxbXZQCnnSi1Lkx+IDohdPlFp222wVALIheZJQSEg==",
          "dev": true,
          "requires": {
            "color-convert": "^2.0.1"
          }
        },
        "color-convert": {
          "version": "2.0.1",
          "resolved": "https://registry.npmjs.org/color-convert/-/color-convert-2.0.1.tgz",
          "integrity": "sha512-RRECPsj7iu/xb5oKYcsFHSppFNnsj/52OVTRKb4zP5onXwVF3zVmmToNcOfGC+CRDpfK/U584fMg38ZHCaElKQ==",
          "dev": true,
          "requires": {
            "color-name": "~1.1.4"
          }
        },
        "color-name": {
          "version": "1.1.4",
          "resolved": "https://registry.npmjs.org/color-name/-/color-name-1.1.4.tgz",
          "integrity": "sha512-dOy+3AuW3a2wNbZHIuMZpTcgjGuLU/uBL/ubcZF9OXbDo8ff4O8yVp5Bf0efS8uEoYo5q4Fx7dY9OgQGXgAsQA==",
          "dev": true
        }
      }
    },
    "classnames": {
      "version": "2.2.6",
      "resolved": "https://registry.npm.taobao.org/classnames/download/classnames-2.2.6.tgz",
      "integrity": "sha1-Q5Nb/90pHzJtrQogUwmzjQD2UM4=",
      "dev": true
    },
    "cliui": {
      "version": "7.0.4",
      "resolved": "https://registry.npm.taobao.org/cliui/download/cliui-7.0.4.tgz?cache=0&sync_timestamp=1604880017635&other_urls=https%3A%2F%2Fregistry.npm.taobao.org%2Fcliui%2Fdownload%2Fcliui-7.0.4.tgz",
      "integrity": "sha1-oCZe5lVHb8gHrqnfPfjfd4OAi08=",
      "dev": true,
      "requires": {
        "string-width": "^4.2.0",
        "strip-ansi": "^6.0.0",
        "wrap-ansi": "^7.0.0"
      }
    },
    "color-convert": {
      "version": "1.9.3",
      "resolved": "https://registry.npmjs.org/color-convert/-/color-convert-1.9.3.tgz",
      "integrity": "sha512-QfAUtd+vFdAtFQcC8CCyYt1fYWxSqAiK2cSD6zDB8N3cpsEBAvRxp9zOGg6G/SHHJYAT88/az/IuDGALsNVbGg==",
      "dev": true,
      "requires": {
        "color-name": "1.1.3"
      }
    },
    "color-name": {
      "version": "1.1.3",
      "resolved": "https://registry.npmjs.org/color-name/-/color-name-1.1.3.tgz",
      "integrity": "sha1-p9BVi9icQveV3UIyj3QIMcpTvCU=",
      "dev": true
    },
    "concat-map": {
      "version": "0.0.1",
      "resolved": "https://registry.npmjs.org/concat-map/-/concat-map-0.0.1.tgz",
      "integrity": "sha1-2Klr13/Wjfd5OnMDajug1UBdR3s=",
      "dev": true
    },
    "convert-source-map": {
      "version": "1.7.0",
      "resolved": "https://registry.npmjs.org/convert-source-map/-/convert-source-map-1.7.0.tgz",
      "integrity": "sha512-4FJkXzKXEDB1snCFZlLP4gpC3JILicCpGbzG9f9G7tGqGCzETQ2hWPrcinA9oU4wtf2biUaEH5065UnMeR33oA==",
      "dev": true,
      "requires": {
        "safe-buffer": "~5.1.1"
      }
    },
    "core-js": {
      "version": "3.7.0",
      "resolved": "https://registry.npmjs.org/core-js/-/core-js-3.7.0.tgz",
      "integrity": "sha512-NwS7fI5M5B85EwpWuIwJN4i/fbisQUwLwiSNUWeXlkAZ0sbBjLEvLvFLf1uzAUV66PcEPt4xCGCmOZSxVf3xzA==",
      "dev": true
    },
    "duplexer": {
      "version": "0.1.2",
      "resolved": "https://registry.npmjs.org/duplexer/-/duplexer-0.1.2.tgz",
      "integrity": "sha512-jtD6YG370ZCIi/9GTaJKQxWTZD045+4R4hTk/x1UyoqadyJ9x9CgSi1RlVDQF8U2sxLLSnFkCaMihqljHIWgMg==",
      "dev": true
    },
    "ejs": {
      "version": "3.1.5",
      "resolved": "https://registry.npm.taobao.org/ejs/download/ejs-3.1.5.tgz?cache=0&sync_timestamp=1597678480118&other_urls=https%3A%2F%2Fregistry.npm.taobao.org%2Fejs%2Fdownload%2Fejs-3.1.5.tgz",
      "integrity": "sha1-rtcjhE3CCstLFwzZqxAX5Hag2Ts=",
      "dev": true,
      "requires": {
        "jake": "^10.6.1"
      }
    },
    "emoji-regex": {
      "version": "8.0.0",
      "resolved": "https://registry.npm.taobao.org/emoji-regex/download/emoji-regex-8.0.0.tgz",
      "integrity": "sha1-6Bj9ac5cz8tARZT4QpY79TFkzDc=",
      "dev": true
    },
    "emojis-list": {
      "version": "3.0.0",
      "resolved": "https://registry.npmjs.org/emojis-list/-/emojis-list-3.0.0.tgz",
      "integrity": "sha512-/kyM18EfinwXZbno9FyUGeFh87KC8HRQBQGildHZbEuRyWFOmv1U10o9BBp8XVZDVNNuQKyIGIu5ZYAAXJ0V2Q==",
      "dev": true
    },
    "errno": {
      "version": "0.1.7",
      "resolved": "https://registry.npmjs.org/errno/-/errno-0.1.7.tgz",
      "integrity": "sha512-MfrRBDWzIWifgq6tJj60gkAwtLNb6sQPlcFrSOflcP1aFmmruKQ2wRnze/8V6kgyz7H3FF8Npzv78mZ7XLLflg==",
      "dev": true,
      "optional": true,
      "requires": {
        "prr": "~1.0.1"
      }
    },
    "escalade": {
      "version": "3.1.1",
      "resolved": "https://registry.npmjs.org/escalade/-/escalade-3.1.1.tgz",
      "integrity": "sha512-k0er2gUkLf8O0zKJiAhmkTnJlTvINGv7ygDNPbeIsX/TJjGJZHuh9B2UxbsaEkmlEo9MfhrSzmhIlhRlI2GXnw==",
      "dev": true
    },
    "escape-html": {
      "version": "1.0.3",
      "resolved": "https://registry.npmjs.org/escape-html/-/escape-html-1.0.3.tgz",
      "integrity": "sha1-Aljq5NPQwJdN4cFpGI7wBR0dGYg=",
      "dev": true
    },
    "escape-string-regexp": {
      "version": "1.0.5",
      "resolved": "https://registry.npm.taobao.org/escape-string-regexp/download/escape-string-regexp-1.0.5.tgz",
      "integrity": "sha1-G2HAViGQqN/2rjuyzwIAyhMLhtQ=",
      "dev": true
    },
    "fast-deep-equal": {
      "version": "3.1.3",
      "resolved": "https://registry.npmjs.org/fast-deep-equal/-/fast-deep-equal-3.1.3.tgz",
      "integrity": "sha512-f3qQ9oQy9j2AhBe/H9VC91wLmKBCCU/gDOnKNAYG5hswO7BLKj09Hc5HYNz9cGI++xlpDCIgDaitVs03ATR84Q==",
      "dev": true
    },
    "fast-json-stable-stringify": {
      "version": "2.1.0",
      "resolved": "https://registry.npmjs.org/fast-json-stable-stringify/-/fast-json-stable-stringify-2.1.0.tgz",
      "integrity": "sha512-lhd/wF+Lk98HZoTCtlVraHtfh5XYijIjalXck7saUtuanSDyLMxnHhSXEDJqHxD7msR8D0uCmqlkwjCV8xvwHw==",
      "dev": true
    },
    "filelist": {
      "version": "1.0.1",
      "resolved": "https://registry.npm.taobao.org/filelist/download/filelist-1.0.1.tgz?cache=0&sync_timestamp=1587703108272&other_urls=https%3A%2F%2Fregistry.npm.taobao.org%2Ffilelist%2Fdownload%2Ffilelist-1.0.1.tgz",
      "integrity": "sha1-8Q0aOuhsFpSAjo8gkG9D1MkTLbs=",
      "dev": true,
      "requires": {
        "minimatch": "^3.0.4"
      }
    },
    "fs.realpath": {
      "version": "1.0.0",
      "resolved": "https://registry.npmjs.org/fs.realpath/-/fs.realpath-1.0.0.tgz",
      "integrity": "sha1-FQStJSMVjKpA20onh8sBQRmU6k8=",
      "dev": true
    },
    "get-caller-file": {
      "version": "2.0.5",
      "resolved": "https://registry.npmjs.org/get-caller-file/-/get-caller-file-2.0.5.tgz",
      "integrity": "sha512-DyFP3BM/3YHTQOCUL/w0OZHR0lpKeGrxotcHWcqNEdnltqFwXVfhEBQ94eIo34AfQpo0rGki4cyIiftY06h2Fg==",
      "dev": true
    },
    "glob": {
      "version": "7.1.6",
      "resolved": "https://registry.npmjs.org/glob/-/glob-7.1.6.tgz",
      "integrity": "sha512-LwaxwyZ72Lk7vZINtNNrywX0ZuLyStrdDtabefZKAY5ZGJhVtgdznluResxNmPitE0SAO+O26sWTHeKSI2wMBA==",
      "dev": true,
      "requires": {
        "fs.realpath": "^1.0.0",
        "inflight": "^1.0.4",
        "inherits": "2",
        "minimatch": "^3.0.4",
        "once": "^1.3.0",
        "path-is-absolute": "^1.0.0"
      }
    },
    "graceful-fs": {
      "version": "4.2.4",
      "resolved": "https://registry.npmjs.org/graceful-fs/-/graceful-fs-4.2.4.tgz",
      "integrity": "sha512-WjKPNJF79dtJAVniUlGGWHYGz2jWxT6VhN/4m1NdkbZ2nOsEF+cI1Edgql5zCRhs/VsQYRvrXctxktVXZUkixw==",
      "dev": true,
      "optional": true
    },
    "gzip-size": {
      "version": "6.0.0",
      "resolved": "https://registry.npm.taobao.org/gzip-size/download/gzip-size-6.0.0.tgz?cache=0&sync_timestamp=1605523115814&other_urls=https%3A%2F%2Fregistry.npm.taobao.org%2Fgzip-size%2Fdownload%2Fgzip-size-6.0.0.tgz",
      "integrity": "sha1-BlNn/VDCOcBnHLy61b4+LusQ5GI=",
      "dev": true,
      "requires": {
        "duplexer": "^0.1.2"
      }
    },
    "has-flag": {
      "version": "3.0.0",
      "resolved": "https://registry.npmjs.org/has-flag/-/has-flag-3.0.0.tgz",
      "integrity": "sha1-tdRU3CGZriJWmfNGfloH87lVuv0=",
      "dev": true
    },
    "image-size": {
      "version": "0.5.5",
      "resolved": "https://registry.npmjs.org/image-size/-/image-size-0.5.5.tgz",
      "integrity": "sha1-Cd/Uq50g4p6xw+gLiZA3jfnjy5w=",
      "dev": true,
      "optional": true
    },
    "inflight": {
      "version": "1.0.6",
      "resolved": "https://registry.npmjs.org/inflight/-/inflight-1.0.6.tgz",
      "integrity": "sha1-Sb1jMdfQLQwJvJEKEHW6gWW1bfk=",
      "dev": true,
      "requires": {
        "once": "^1.3.0",
        "wrappy": "1"
      }
    },
    "inherits": {
      "version": "2.0.4",
      "resolved": "https://registry.npmjs.org/inherits/-/inherits-2.0.4.tgz",
      "integrity": "sha512-k/vGaX4/Yla3WzyMCvTQOXYeIHvqOKtnqBduzTHpzpQZzAskKMhZ2K+EnBiSM9zGSoIFeMpXKxa4dYeZIQqewQ==",
      "dev": true
    },
    "is-docker": {
      "version": "2.1.1",
      "resolved": "https://registry.npmjs.org/is-docker/-/is-docker-2.1.1.tgz",
      "integrity": "sha512-ZOoqiXfEwtGknTiuDEy8pN2CfE3TxMHprvNer1mXiqwkOT77Rw3YVrUQ52EqAOU3QAWDQ+bQdx7HJzrv7LS2Hw==",
      "dev": true
    },
    "is-fullwidth-code-point": {
      "version": "3.0.0",
      "resolved": "https://registry.npm.taobao.org/is-fullwidth-code-point/download/is-fullwidth-code-point-3.0.0.tgz",
      "integrity": "sha1-8Rb4Bk/pCz94RKOJl8C3UFEmnx0=",
      "dev": true
    },
    "is-wsl": {
      "version": "2.2.0",
      "resolved": "https://registry.npmjs.org/is-wsl/-/is-wsl-2.2.0.tgz",
      "integrity": "sha512-fKzAra0rGJUUBwGBgNkHZuToZcn+TtXHpeCgmkMJMMYx1sQDYaCSyjJBSCa2nH1DGm7s3n1oBnohoVTBaN7Lww==",
      "dev": true,
      "requires": {
        "is-docker": "^2.0.0"
      }
    },
    "jake": {
      "version": "10.8.2",
      "resolved": "https://registry.npm.taobao.org/jake/download/jake-10.8.2.tgz?cache=0&sync_timestamp=1591681893196&other_urls=https%3A%2F%2Fregistry.npm.taobao.org%2Fjake%2Fdownload%2Fjake-10.8.2.tgz",
      "integrity": "sha1-68nehVgWCmbYLQ6txqLlj7xQCns=",
      "dev": true,
      "requires": {
        "async": "0.9.x",
        "chalk": "^2.4.2",
        "filelist": "^1.0.1",
        "minimatch": "^3.0.4"
      },
      "dependencies": {
        "chalk": {
          "version": "2.4.2",
          "resolved": "https://registry.npm.taobao.org/chalk/download/chalk-2.4.2.tgz?cache=0&sync_timestamp=1591687076871&other_urls=https%3A%2F%2Fregistry.npm.taobao.org%2Fchalk%2Fdownload%2Fchalk-2.4.2.tgz",
          "integrity": "sha1-zUJUFnelQzPPVBpJEIwUMrRMlCQ=",
          "dev": true,
          "requires": {
            "ansi-styles": "^3.2.1",
            "escape-string-regexp": "^1.0.5",
            "supports-color": "^5.3.0"
          }
        },
        "supports-color": {
          "version": "5.5.0",
          "resolved": "https://registry.npm.taobao.org/supports-color/download/supports-color-5.5.0.tgz?cache=0&sync_timestamp=1606205080621&other_urls=https%3A%2F%2Fregistry.npm.taobao.org%2Fsupports-color%2Fdownload%2Fsupports-color-5.5.0.tgz",
          "integrity": "sha1-4uaaRKyHcveKHsCzW2id9lMO/I8=",
          "dev": true,
          "requires": {
            "has-flag": "^3.0.0"
          }
        }
      }
    },
    "json-schema-traverse": {
      "version": "0.4.1",
      "resolved": "https://registry.npmjs.org/json-schema-traverse/-/json-schema-traverse-0.4.1.tgz",
      "integrity": "sha512-xbbCH5dCYU5T8LcEhhuh7HJ88HXuW3qsI3Y0zOZFKfZEHcpWiHU/Jxzk629Brsab/mMiHQti9wMP+845RPe3Vg==",
      "dev": true
    },
    "json5": {
      "version": "2.1.3",
      "resolved": "https://registry.npmjs.org/json5/-/json5-2.1.3.tgz",
      "integrity": "sha512-KXPvOm8K9IJKFM0bmdn8QXh7udDh1g/giieX0NLCaMnb4hEiVFqnop2ImTXCc5e0/oHz3LTqmHGtExn5hfMkOA==",
      "dev": true,
      "requires": {
        "minimist": "^1.2.5"
      }
    },
    "klona": {
      "version": "2.0.4",
      "resolved": "https://registry.npmjs.org/klona/-/klona-2.0.4.tgz",
      "integrity": "sha512-ZRbnvdg/NxqzC7L9Uyqzf4psi1OM4Cuc+sJAkQPjO6XkQIJTNbfK2Rsmbw8fx1p2mkZdp2FZYo2+LwXYY/uwIA==",
      "dev": true
    },
    "less": {
      "version": "3.12.2",
      "resolved": "https://registry.npmjs.org/less/-/less-3.12.2.tgz",
      "integrity": "sha512-+1V2PCMFkL+OIj2/HrtrvZw0BC0sYLMICJfbQjuj/K8CEnlrFX6R5cKKgzzttsZDHyxQNL1jqMREjKN3ja/E3Q==",
      "dev": true,
      "requires": {
        "errno": "^0.1.1",
        "graceful-fs": "^4.1.2",
        "image-size": "~0.5.0",
        "make-dir": "^2.1.0",
        "mime": "^1.4.1",
        "native-request": "^1.0.5",
        "source-map": "~0.6.0",
        "tslib": "^1.10.0"
      }
    },
    "less-loader": {
      "version": "7.0.2",
      "resolved": "https://registry.npmjs.org/less-loader/-/less-loader-7.0.2.tgz",
      "integrity": "sha512-7MKlgjnkCf63E3Lv6w2FvAEgLMx3d/tNBExITcanAq7ys5U8VPWT3F6xcRjYmdNfkoQ9udoVFb1r2azSiTnD6w==",
      "dev": true,
      "requires": {
        "klona": "^2.0.4",
        "loader-utils": "^2.0.0",
        "schema-utils": "^3.0.0"
      }
    },
    "loader-utils": {
      "version": "2.0.0",
      "resolved": "https://registry.npmjs.org/loader-utils/-/loader-utils-2.0.0.tgz",
      "integrity": "sha512-rP4F0h2RaWSvPEkD7BLDFQnvSf+nK+wr3ESUjNTyAGobqrijmW92zc+SO6d4p4B1wh7+B/Jg1mkQe5NYUEHtHQ==",
      "dev": true,
      "requires": {
        "big.js": "^5.2.2",
        "emojis-list": "^3.0.0",
        "json5": "^2.1.2"
      }
    },
    "lodash": {
      "version": "4.17.20",
      "resolved": "https://registry.npmjs.org/lodash/-/lodash-4.17.20.tgz",
      "integrity": "sha512-PlhdFcillOINfeV7Ni6oF1TAEayyZBoZ8bcshTHqOYJYlrqzRK5hagpagky5o4HfCzzd1TRkXPMFq6cKk9rGmA==",
      "dev": true
    },
    "make-dir": {
      "version": "2.1.0",
      "resolved": "https://registry.npmjs.org/make-dir/-/make-dir-2.1.0.tgz",
      "integrity": "sha512-LS9X+dc8KLxXCb8dni79fLIIUA5VyZoyjSMCwTluaXA0o27cCK0bhXkpgw+sTXVpPy/lSO57ilRixqk0vDmtRA==",
      "dev": true,
      "optional": true,
      "requires": {
        "pify": "^4.0.1",
        "semver": "^5.6.0"
      }
    },
    "mime": {
      "version": "1.6.0",
      "resolved": "https://registry.npmjs.org/mime/-/mime-1.6.0.tgz",
      "integrity": "sha512-x0Vn8spI+wuJ1O6S7gnbaQg8Pxh4NNHb7KSINmEWKiPE4RKOplvijn+NkmYmmRgP68mc70j2EbeTFRsrswaQeg==",
      "dev": true,
      "optional": true
    },
    "minimatch": {
      "version": "3.0.4",
      "resolved": "https://registry.npmjs.org/minimatch/-/minimatch-3.0.4.tgz",
      "integrity": "sha512-yJHVQEhyqPLUTgt9B83PXu6W3rx4MvvHvSUvToogpwoGDOUQ+yDrR0HRot+yOCdCO7u4hX3pWft6kWBBcqh0UA==",
      "dev": true,
      "requires": {
        "brace-expansion": "^1.1.7"
      }
    },
    "minimist": {
      "version": "1.2.5",
      "resolved": "https://registry.npmjs.org/minimist/-/minimist-1.2.5.tgz",
      "integrity": "sha512-FM9nNUYrRBAELZQT3xeZQ7fmMOBg6nWNmJKTcgsJeaLstP/UODVpGsr5OhXhhXg6f+qtJ8uiZ+PUxkDWcgIXLw==",
      "dev": true
    },
    "mkdirp": {
      "version": "0.5.5",
      "resolved": "https://registry.npmjs.org/mkdirp/-/mkdirp-0.5.5.tgz",
      "integrity": "sha512-NKmAlESf6jMGym1++R0Ra7wvhV+wFW63FaSOFPwRahvea0gMUcGUhVeAg/0BC0wiv9ih5NYPB1Wn1UEI1/L+xQ==",
      "dev": true,
      "requires": {
        "minimist": "^1.2.5"
      }
    },
    "native-request": {
      "version": "1.0.8",
      "resolved": "https://registry.npmjs.org/native-request/-/native-request-1.0.8.tgz",
      "integrity": "sha512-vU2JojJVelUGp6jRcLwToPoWGxSx23z/0iX+I77J3Ht17rf2INGjrhOoQnjVo60nQd8wVsgzKkPfRXBiVdD2ag==",
      "dev": true,
      "optional": true
    },
    "object-assign": {
      "version": "4.1.1",
      "resolved": "https://registry.npmjs.org/object-assign/-/object-assign-4.1.1.tgz",
      "integrity": "sha1-IQmtx5ZYh8/AXLvUQsrIv7s2CGM=",
      "dev": true
    },
    "once": {
      "version": "1.4.0",
      "resolved": "https://registry.npmjs.org/once/-/once-1.4.0.tgz",
      "integrity": "sha1-WDsap3WWHUsROsF9nFC6753Xa9E=",
      "dev": true,
      "requires": {
        "wrappy": "1"
      }
    },
    "open": {
      "version": "7.3.0",
      "resolved": "https://registry.npmjs.org/open/-/open-7.3.0.tgz",
      "integrity": "sha512-mgLwQIx2F/ye9SmbrUkurZCnkoXyXyu9EbHtJZrICjVAJfyMArdHp3KkixGdZx1ZHFPNIwl0DDM1dFFqXbTLZw==",
      "dev": true,
      "requires": {
        "is-docker": "^2.0.0",
        "is-wsl": "^2.1.1"
      }
    },
    "path-is-absolute": {
      "version": "1.0.1",
      "resolved": "https://registry.npmjs.org/path-is-absolute/-/path-is-absolute-1.0.1.tgz",
      "integrity": "sha1-F0uSaHNVNP+8es5r9TpanhtcX18=",
      "dev": true
    },
    "performance-now": {
      "version": "2.1.0",
      "resolved": "https://registry.npmjs.org/performance-now/-/performance-now-2.1.0.tgz",
      "integrity": "sha1-Ywn04OX6kT7BxpMHrjZLSzd8nns=",
      "dev": true
    },
    "pify": {
      "version": "4.0.1",
      "resolved": "https://registry.npmjs.org/pify/-/pify-4.0.1.tgz",
      "integrity": "sha512-uB80kBFb/tfd68bVleG9T5GGsGPjJrLAUpR5PZIrhBnIaRTQRjqdJSsIKkOP6OAIFbj7GOrcudc5pNjZ+geV2g==",
      "dev": true,
      "optional": true
    },
    "promise": {
      "version": "8.1.0",
      "resolved": "https://registry.npmjs.org/promise/-/promise-8.1.0.tgz",
      "integrity": "sha512-W04AqnILOL/sPRXziNicCjSNRruLAuIHEOVBazepu0545DDNGYHz7ar9ZgZ1fMU8/MA4mVxp5rkBWRi6OXIy3Q==",
      "dev": true,
      "requires": {
        "asap": "~2.0.6"
      }
    },
    "prr": {
      "version": "1.0.1",
      "resolved": "https://registry.npmjs.org/prr/-/prr-1.0.1.tgz",
      "integrity": "sha1-0/wRS6BplaRexok/SEzrHXj19HY=",
      "dev": true,
      "optional": true
    },
    "punycode": {
      "version": "2.1.1",
      "resolved": "https://registry.npmjs.org/punycode/-/punycode-2.1.1.tgz",
      "integrity": "sha512-XRsRjdf+j5ml+y/6GKHPZbrF/8p2Yga0JPtdqTIY2Xe5ohJPD9saDJJLPvp9+NSBprVvevdXZybnj2cv8OEd0A==",
      "dev": true
    },
    "raf": {
      "version": "3.4.1",
      "resolved": "https://registry.npmjs.org/raf/-/raf-3.4.1.tgz",
      "integrity": "sha512-Sq4CW4QhwOHE8ucn6J34MqtZCeWFP2aQSmrlroYgqAV1PjStIhJXxYuTgUIfkEk7zTLjmIjLmU5q+fbD1NnOJA==",
      "dev": true,
      "requires": {
        "performance-now": "^2.1.0"
      }
    },
    "raw-loader": {
      "version": "4.0.2",
      "resolved": "https://registry.npmjs.org/raw-loader/-/raw-loader-4.0.2.tgz",
      "integrity": "sha512-ZnScIV3ag9A4wPX/ZayxL/jZH+euYb6FcUinPcgiQW0+UBtEv0O6Q3lGd3cqJ+GHH+rksEv3Pj99oxJ3u3VIKA==",
      "dev": true,
      "requires": {
        "loader-utils": "^2.0.0",
        "schema-utils": "^3.0.0"
      }
    },
    "react-app-polyfill": {
      "version": "2.0.0",
      "resolved": "https://registry.npm.taobao.org/react-app-polyfill/download/react-app-polyfill-2.0.0.tgz?cache=0&sync_timestamp=1603462431216&other_urls=https%3A%2F%2Fregistry.npm.taobao.org%2Freact-app-polyfill%2Fdownload%2Freact-app-polyfill-2.0.0.tgz",
      "integrity": "sha1-oL6lDweLiggpcKnYU9w0ttzGo88=",
      "dev": true,
      "requires": {
        "core-js": "^3.6.5",
        "object-assign": "^4.1.1",
        "promise": "^8.1.0",
        "raf": "^3.4.1",
        "regenerator-runtime": "^0.13.7",
        "whatwg-fetch": "^3.4.1"
      }
    },
    "regenerator-runtime": {
      "version": "0.13.7",
      "resolved": "https://registry.npmjs.org/regenerator-runtime/-/regenerator-runtime-0.13.7.tgz",
      "integrity": "sha512-a54FxoJDIr27pgf7IgeQGxmqUNYrcV338lf/6gH456HZ/PhX+5BcwHXG9ajESmwe6WRO0tAzRUrRmNONWgkrew==",
      "dev": true
    },
    "require-directory": {
      "version": "2.1.1",
      "resolved": "https://registry.npmjs.org/require-directory/-/require-directory-2.1.1.tgz",
      "integrity": "sha1-jGStX9MNqxyXbiNE/+f3kqam30I=",
      "dev": true
    },
    "rimraf": {
      "version": "2.6.3",
      "resolved": "https://registry.npmjs.org/rimraf/-/rimraf-2.6.3.tgz",
      "integrity": "sha512-mwqeW5XsA2qAejG46gYdENaxXjx9onRNCfn7L0duuP4hCuTIi/QO7PDK07KJfp1d+izWPrzEJDcSqBa0OZQriA==",
      "dev": true,
      "requires": {
        "glob": "^7.1.3"
      }
    },
    "safe-buffer": {
      "version": "5.1.2",
      "resolved": "https://registry.npmjs.org/safe-buffer/-/safe-buffer-5.1.2.tgz",
      "integrity": "sha512-Gd2UZBJDkXlY7GbJxfsE8/nvKkUEU1G38c1siN6QP6a9PT9MmHB8GnpscSmMJSoF8LOIrt8ud/wPtojys4G6+g==",
      "dev": true
    },
    "schema-utils": {
      "version": "3.0.0",
      "resolved": "https://registry.npmjs.org/schema-utils/-/schema-utils-3.0.0.tgz",
      "integrity": "sha512-6D82/xSzO094ajanoOSbe4YvXWMfn2A//8Y1+MUqFAJul5Bs+yn36xbK9OtNDcRVSBJ9jjeoXftM6CfztsjOAA==",
      "dev": true,
      "requires": {
        "@types/json-schema": "^7.0.6",
        "ajv": "^6.12.5",
        "ajv-keywords": "^3.5.2"
      }
    },
    "semver": {
      "version": "5.7.1",
      "resolved": "https://registry.npmjs.org/semver/-/semver-5.7.1.tgz",
      "integrity": "sha512-sauaDf/PZdVgrLTNYHRtpXa1iRiKcaebiKQ1BJdpQlWH2lCvexQdX55snPFyK7QzpudqbCI0qXFfOasHdyNDGQ==",
      "dev": true,
      "optional": true
    },
    "source-map": {
      "version": "0.6.1",
      "resolved": "https://registry.npmjs.org/source-map/-/source-map-0.6.1.tgz",
      "integrity": "sha512-UjgapumWlbMhkBgzT7Ykc5YXUT46F0iKu8SGXq0bcwP5dz/h0Plj6enJqjz1Zbq2l5WaqYnrVbwWOWMyF3F47g==",
      "dev": true
    },
    "source-map-explorer": {
      "version": "2.5.1",
      "resolved": "https://registry.npm.taobao.org/source-map-explorer/download/source-map-explorer-2.5.1.tgz",
      "integrity": "sha1-Ncp7o1dPAAKsNHND8YlOBIYMgn8=",
      "dev": true,
      "requires": {
        "btoa": "^1.2.1",
        "chalk": "^4.1.0",
        "convert-source-map": "^1.7.0",
        "ejs": "^3.1.5",
        "escape-html": "^1.0.3",
        "glob": "^7.1.6",
        "gzip-size": "^6.0.0",
        "lodash": "^4.17.20",
        "open": "^7.3.0",
        "source-map": "^0.7.3",
        "temp": "^0.9.4",
        "yargs": "^16.1.1"
      },
      "dependencies": {
        "ansi-styles": {
          "version": "4.3.0",
          "resolved": "https://registry.npm.taobao.org/ansi-styles/download/ansi-styles-4.3.0.tgz?cache=0&sync_timestamp=1606792371412&other_urls=https%3A%2F%2Fregistry.npm.taobao.org%2Fansi-styles%2Fdownload%2Fansi-styles-4.3.0.tgz",
          "integrity": "sha1-7dgDYornHATIWuegkG7a00tkiTc=",
          "requires": {
            "color-convert": "^2.0.1"
          }
        },
        "color-convert": {
          "version": "2.0.1",
          "resolved": "https://registry.npm.taobao.org/color-convert/download/color-convert-2.0.1.tgz",
          "integrity": "sha1-ctOmjVmMm9s68q0ehPIdiWq9TeM=",
          "requires": {
            "color-name": "~1.1.4"
          }
        },
        "color-name": {
          "version": "1.1.4",
          "resolved": "https://registry.npm.taobao.org/color-name/download/color-name-1.1.4.tgz",
          "integrity": "sha1-wqCah6y95pVD3m9j+jmVyCbFNqI="
        },
        "source-map": {
          "version": "0.7.3",
          "resolved": "https://registry.npm.taobao.org/source-map/download/source-map-0.7.3.tgz",
          "integrity": "sha1-UwL4FpAxc1ImVECS5kmB91F1A4M=",
          "dev": true
        }
      }
    },
    "string-width": {
      "version": "4.2.0",
      "resolved": "https://registry.npm.taobao.org/string-width/download/string-width-4.2.0.tgz",
      "integrity": "sha1-lSGCxGzHssMT0VluYjmSvRY7crU=",
      "dev": true,
      "requires": {
        "emoji-regex": "^8.0.0",
        "is-fullwidth-code-point": "^3.0.0",
        "strip-ansi": "^6.0.0"
      }
    },
    "strip-ansi": {
      "version": "6.0.0",
      "resolved": "https://registry.npmjs.org/strip-ansi/-/strip-ansi-6.0.0.tgz",
      "integrity": "sha512-AuvKTrTfQNYNIctbR1K/YGTR1756GycPsg7b9bdV9Duqur4gv6aKqHXah67Z8ImS7WEz5QVcOtlfW2rZEugt6w==",
      "dev": true,
      "requires": {
        "ansi-regex": "^5.0.0"
      }
    },
    "supports-color": {
      "version": "7.2.0",
      "resolved": "https://registry.npmjs.org/supports-color/-/supports-color-7.2.0.tgz",
      "integrity": "sha512-qpCAvRl9stuOHveKsn7HncJRvv501qIacKzQlO/+Lwxc9+0q2wLyv4Dfvt80/DPn2pqOBsJdDiogXGR9+OvwRw==",
      "dev": true,
      "requires": {
        "has-flag": "^4.0.0"
      },
      "dependencies": {
        "has-flag": {
          "version": "4.0.0",
          "resolved": "https://registry.npmjs.org/has-flag/-/has-flag-4.0.0.tgz",
          "integrity": "sha512-EykJT/Q1KjTWctppgIAgfSO0tKVuZUjhgMr17kqTumMl6Afv3EISleU7qZUzoXDFTAHTDC4NOoG/ZxU3EvlMPQ==",
          "dev": true
        }
      }
    },
    "temp": {
      "version": "0.9.4",
      "resolved": "https://registry.npm.taobao.org/temp/download/temp-0.9.4.tgz",
      "integrity": "sha1-zSCoWAy2NjXQ5OnUvZidRChudiA=",
      "dev": true,
      "requires": {
        "mkdirp": "^0.5.1",
        "rimraf": "~2.6.2"
      }
    },
    "tslib": {
      "version": "1.14.1",
      "resolved": "https://registry.npmjs.org/tslib/-/tslib-1.14.1.tgz",
      "integrity": "sha512-Xni35NKzjgMrwevysHTCArtLDpPvye8zV/0E4EyYn43P7/7qvQwPh9BGkHewbMulVntbigmcT7rdX3BNo9wRJg=="
    },
    "uri-js": {
      "version": "4.4.0",
      "resolved": "https://registry.npmjs.org/uri-js/-/uri-js-4.4.0.tgz",
      "integrity": "sha512-B0yRTzYdUCCn9n+F4+Gh4yIDtMQcaJsmYBDsTSG8g/OejKBodLQ2IHfN3bM7jUsRXndopT7OIXWdYqc1fjmV6g==",
      "dev": true,
      "requires": {
        "punycode": "^2.1.0"
      }
    },
    "whatwg-fetch": {
      "version": "3.5.0",
      "resolved": "https://registry.npmjs.org/whatwg-fetch/-/whatwg-fetch-3.5.0.tgz",
      "integrity": "sha512-jXkLtsR42xhXg7akoDKvKWE40eJeI+2KZqcp2h3NsOrRnDvtWX36KcKl30dy+hxECivdk2BVUHVNrPtoMBUx6A==",
      "dev": true
    },
    "wrap-ansi": {
      "version": "7.0.0",
      "resolved": "https://registry.npm.taobao.org/wrap-ansi/download/wrap-ansi-7.0.0.tgz",
      "integrity": "sha1-Z+FFz/UQpqaYS98RUpEdadLrnkM=",
      "dev": true,
      "requires": {
        "string-width": "^4.1.0",
        "strip-ansi": "^6.0.0"
      }
    },
    "wrappy": {
      "version": "1.0.2",
      "resolved": "https://registry.npmjs.org/wrappy/-/wrappy-1.0.2.tgz",
      "integrity": "sha1-tSQ9jz7BqjXxNkYFvA0QNuMKtp8=",
      "dev": true
    },
    "y18n": {
      "version": "5.0.5",
      "resolved": "https://registry.npm.taobao.org/y18n/download/y18n-5.0.5.tgz?cache=0&sync_timestamp=1606778028917&other_urls=https%3A%2F%2Fregistry.npm.taobao.org%2Fy18n%2Fdownload%2Fy18n-5.0.5.tgz",
      "integrity": "sha1-h2nsCNA7HqLfJQCs71YXQ7u5qxg=",
      "dev": true
    },
    "yargs": {
      "version": "16.1.1",
      "resolved": "https://registry.npm.taobao.org/yargs/download/yargs-16.1.1.tgz",
      "integrity": "sha1-WkoJW9HKgGsKUNDANhHTgDTSGaE=",
      "dev": true,
      "requires": {
        "cliui": "^7.0.2",
        "escalade": "^3.1.1",
        "get-caller-file": "^2.0.5",
        "require-directory": "^2.1.1",
        "string-width": "^4.2.0",
        "y18n": "^5.0.5",
        "yargs-parser": "^20.2.2"
      }
    },
    "yargs-parser": {
      "version": "20.2.4",
      "resolved": "https://registry.npm.taobao.org/yargs-parser/download/yargs-parser-20.2.4.tgz?cache=0&sync_timestamp=1604886709178&other_urls=https%3A%2F%2Fregistry.npm.taobao.org%2Fyargs-parser%2Fdownload%2Fyargs-parser-20.2.4.tgz",
      "integrity": "sha1-tCiQ8UVmeW+Fro46JSkNIF8VSlQ=",
      "dev": true
    }
  }
}
